{
  "name": "awesome-books-with-es6",
  "version": "1.0.0",
  "lockfileVersion": 2,
  "requires": true,
  "packages": {
    "": {
      "name": "awesome-books-with-es6",
      "version": "1.0.0",
      "license": "ISC",
      "dependencies": {
        "luxon": "^2.4.0"
      }
    },
    "node_modules/luxon": {
      "version": "2.4.0",
      "resolved": "https://registry.npmjs.org/luxon/-/luxon-2.4.0.tgz",
      "integrity": "sha512-w+NAwWOUL5hO0SgwOHsMBAmZ15SoknmQXhSO0hIbJCAmPKSsGeK8MlmhYh2w6Iib38IxN2M+/ooXWLbeis7GuA==",
      "engines": {
        "node": ">=12"
      }
    }
  },
  "dependencies": {
    "luxon": {
      "version": "2.4.0",
      "resolved": "https://registry.npmjs.org/luxon/-/luxon-2.4.0.tgz",
      "integrity": "sha512-w+NAwWOUL5hO0SgwOHsMBAmZ15SoknmQXhSO0hIbJCAmPKSsGeK8MlmhYh2w6Iib38IxN2M+/ooXWLbeis7GuA=="
    }
  }
}
